
Microsoft Visual Studio Solution File, Format Version 12.00
# Visual Studio Version 17
VisualStudioVersion = 17.7.34202.233
MinimumVisualStudioVersion = 10.0.40219.1
Project("{FAE04EC0-301F-11D3-BF4B-00C04F79EFBC}") = "CRUD", "CRUD\CRUD.csproj", "{B95E0339-5AFE-495C-B0D8-2A5CC1581971}"
EndProject
Global
	GlobalSection(SolutionConfigurationPlatforms) = preSolution
		Debug|Any CPU = Debug|Any CPU
		Release|Any CPU = Release|Any CPU
	EndGlobalSection
	GlobalSection(ProjectConfigurationPlatforms) = postSolution
		{B95E0339-5AFE-495C-B0D8-2A5CC1581971}.Debug|Any CPU.ActiveCfg = Debug|Any CPU
		{B95E0339-5AFE-495C-B0D8-2A5CC1581971}.Debug|Any CPU.Build.0 = Debug|Any CPU
		{B95E0339-5AFE-495C-B0D8-2A5CC1581971}.Release|Any CPU.ActiveCfg = Release|Any CPU
		{B95E0339-5AFE-495C-B0D8-2A5CC1581971}.Release|Any CPU.Build.0 = Release|Any CPU
	EndGlobalSection
	GlobalSection(SolutionProperties) = preSolution
		HideSolutionNode = FALSE
	EndGlobalSection
	GlobalSection(ExtensibilityGlobals) = postSolution
		SolutionGuid = {0329B439-46B9-4933-87C8-98D55A29A8FD}
	EndGlobalSection
EndGlobal
